
Microsoft Visual Studio Solution File, Format Version 12.00
# Visual Studio Version 17
VisualStudioVersion = 17.4.33403.182
MinimumVisualStudioVersion = 10.0.40219.1
Project("{FAE04EC0-301F-11D3-BF4B-00C04F79EFBC}") = "BookStore", "BookStore\BookStore.csproj", "{3294C95F-1068-4AAA-B43F-254518B75F88}"
EndProject
Global
	GlobalSection(SolutionConfigurationPlatforms) = preSolution
		Debug|Any CPU = Debug|Any CPU
		Release|Any CPU = Release|Any CPU
	EndGlobalSection
	GlobalSection(ProjectConfigurationPlatforms) = postSolution
		{3294C95F-1068-4AAA-B43F-254518B75F88}.Debug|Any CPU.ActiveCfg = Debug|Any CPU
		{3294C95F-1068-4AAA-B43F-254518B75F88}.Debug|Any CPU.Build.0 = Debug|Any CPU
		{3294C95F-1068-4AAA-B43F-254518B75F88}.Release|Any CPU.ActiveCfg = Release|Any CPU
		{3294C95F-1068-4AAA-B43F-254518B75F88}.Release|Any CPU.Build.0 = Release|Any CPU
	EndGlobalSection
	GlobalSection(SolutionProperties) = preSolution
		HideSolutionNode = FALSE
	EndGlobalSection
	GlobalSection(ExtensibilityGlobals) = postSolution
		SolutionGuid = {F4583678-3EBE-4193-B193-E4B3779BA558}
	EndGlobalSection
EndGlobal
